// !$*UTF8*$!
{
	archiveVersion = 1;
	classes = {
	};
	objectVersion = 50;
	objects = {

/* Begin PBXBuildFile section */
		EEBAB7D2247F459A004E58DC /* AppDelegate.swift in Sources */ = {isa = PBXBuildFile; fileRef = EEBAB7D1247F459A004E58DC /* AppDelegate.swift */; };
		EEBAB7D4247F459A004E58DC /* SceneDelegate.swift in Sources */ = {isa = PBXBuildFile; fileRef = EEBAB7D3247F459A004E58DC /* SceneDelegate.swift */; };
		EEBAB7D6247F459A004E58DC /* ViewController.swift in Sources */ = {isa = PBXBuildFile; fileRef = EEBAB7D5247F459A004E58DC /* ViewController.swift */; };
		EEBAB7D9247F459A004E58DC /* Main.storyboard in Resources */ = {isa = PBXBuildFile; fileRef = EEBAB7D7247F459A004E58DC /* Main.storyboard */; };
		EEBAB7DB247F45AE004E58DC /* Assets.xcassets in Resources */ = {isa = PBXBuildFile; fileRef = EEBAB7DA247F45AE004E58DC /* Assets.xcassets */; };
		EEBAB7DE247F45AE004E58DC /* LaunchScreen.storyboard in Resources */ = {isa = PBXBuildFile; fileRef = EEBAB7DC247F45AE004E58DC /* LaunchScreen.storyboard */; };
		EEBAB7E6247F4FC8004E58DC /* Holidays.swift in Sources */ = {isa = PBXBuildFile; fileRef = EEBAB7E5247F4FC8004E58DC /* Holidays.swift */; };
		EEBAB7E8247F517F004E58DC /* HolidayRequest.swift in Sources */ = {isa = PBXBuildFile; fileRef = EEBAB7E7247F517E004E58DC /* HolidayRequest.swift */; };
		EEE810FC24982C4C004B2431 /* Constants.swift in Sources */ = {isa = PBXBuildFile; fileRef = EEE810FB24982C4C004B2431 /* Constants.swift */; };
/* End PBXBuildFile section */

/* Begin PBXFileReference section */
		EEBAB7CE247F459A004E58DC /* HolidaysApp.app */ = {isa = PBXFileReference; explicitFileType = wrapper.application; includeInIndex = 0; path = HolidaysApp.app; sourceTree = BUILT_PRODUCTS_DIR; };
		EEBAB7D1247F459A004E58DC /* AppDelegate.swift */ = {isa = PBXFileReference; lastKnownFileType = sourcecode.swift; path = AppDelegate.swift; sourceTree = "<group>"; };
		EEBAB7D3247F459A004E58DC /* SceneDelegate.swift */ = {isa = PBXFileReference; lastKnownFileType = sourcecode.swift; path = SceneDelegate.swift; sourceTree = "<group>"; };
		EEBAB7D5247F459A004E58DC /* ViewController.swift */ = {isa = PBXFileReference; lastKnownFileType = sourcecode.swift; path = ViewController.swift; sourceTree = "<group>"; };
		EEBAB7D8247F459A004E58DC /* Base */ = {isa = PBXFileReference; lastKnownFileType = file.storyboard; name = Base; path = Base.lproj/Main.storyboard; sourceTree = "<group>"; };
		EEBAB7DA247F45AE004E58DC /* Assets.xcassets */ = {isa = PBXFileReference; lastKnownFileType = folder.assetcatalog; path = Assets.xcassets; sourceTree = "<group>"; };
		EEBAB7DD247F45AE004E58DC /* Base */ = {isa = PBXFileReference; lastKnownFileType = file.storyboard; name = Base; path = Base.lproj/LaunchScreen.storyboard; sourceTree = "<group>"; };
		EEBAB7DF247F45AE004E58DC /* Info.plist */ = {isa = PBXFileReference; lastKnownFileType = text.plist.xml; path = Info.plist; sourceTree = "<group>"; };
		EEBAB7E5247F4FC8004E58DC /* Holidays.swift */ = {isa = PBXFileReference; lastKnownFileType = sourcecode.swift; path = Holidays.swift; sourceTree = "<group>"; };
		EEBAB7E7247F517E004E58DC /* HolidayRequest.swift */ = {isa = PBXFileReference; lastKnownFileType = sourcecode.swift; path = HolidayRequest.swift; sourceTree = "<group>"; };
		EEE810FB24982C4C004B2431 /* Constants.swift */ = {isa = PBXFileReference; lastKnownFileType = sourcecode.swift; path = Constants.swift; sourceTree = "<group>"; };
/* End PBXFileReference section */

/* Begin PBXFrameworksBuildPhase section */
		EEBAB7CB247F4599004E58DC /* Frameworks */ = {
			isa = PBXFrameworksBuildPhase;
			buildActionMask = 2147483647;
			files = (
			);
			runOnlyForDeploymentPostprocessing = 0;
		};
/* End PBXFrameworksBuildPhase section */

/* Begin PBXGroup section */
		EEBAB7C5247F4599004E58DC = {
			isa = PBXGroup;
			children = (
				EEBAB7D0247F459A004E58DC /* HolidaysApp */,
				EEBAB7CF247F459A004E58DC /* Products */,
			);
			sourceTree = "<group>";
		};
		EEBAB7CF247F459A004E58DC /* Products */ = {
			isa = PBXGroup;
			children = (
				EEBAB7CE247F459A004E58DC /* HolidaysApp.app */,
			);
			name = Products;
			sourceTree = "<group>";
		};
		EEBAB7D0247F459A004E58DC /* HolidaysApp */ = {
			isa = PBXGroup;
			children = (
				EEBAB7D1247F459A004E58DC /* AppDelegate.swift */,
				EEBAB7D3247F459A004E58DC /* SceneDelegate.swift */,
				EEBAB7D5247F459A004E58DC /* ViewController.swift */,
				EEBAB7D7247F459A004E58DC /* Main.storyboard */,
				EEBAB7DA247F45AE004E58DC /* Assets.xcassets */,
				EEBAB7DC247F45AE004E58DC /* LaunchScreen.storyboard */,
				EEBAB7DF247F45AE004E58DC /* Info.plist */,
				EEBAB7E5247F4FC8004E58DC /* Holidays.swift */,
				EEBAB7E7247F517E004E58DC /* HolidayRequest.swift */,
				EEE810FB24982C4C004B2431 /* Constants.swift */,
			);
			path = HolidaysApp;
			sourceTree = "<group>";
		};
/* End PBXGroup section */

/* Begin PBXNativeTarget section */
		EEBAB7CD247F4599004E58DC /* HolidaysApp */ = {
			isa = PBXNativeTarget;
			buildConfigurationList = EEBAB7E2247F45AE004E58DC /* Build configuration list for PBXNativeTarget "HolidaysApp" */;
			buildPhases = (
				EEBAB7CA247F4599004E58DC /* Sources */,
				EEBAB7CB247F4599004E58DC /* Frameworks */,
				EEBAB7CC247F4599004E58DC /* Resources */,
			);
			buildRules = (
			);
			dependencies = (
			);
			name = HolidaysApp;
			productName = HolidaysApp;
			productReference = EEBAB7CE247F459A004E58DC /* HolidaysApp.app */;
			productType = "com.apple.product-type.application";
		};
/* End PBXNativeTarget section */

/* Begin PBXProject section */
		EEBAB7C6247F4599004E58DC /* Project object */ = {
			isa = PBXProject;
			attributes = {
				LastSwiftUpdateCheck = 1140;
				LastUpgradeCheck = 1140;
				ORGANIZATIONNAME = Saranya;
				TargetAttributes = {
					EEBAB7CD247F4599004E58DC = {
						CreatedOnToolsVersion = 11.4.1;
					};
				};
			};
			buildConfigurationList = EEBAB7C9247F4599004E58DC /* Build configuration list for PBXProject "HolidaysApp" */;
			compatibilityVersion = "Xcode 9.3";
			developmentRegion = en;
			hasScannedForEncodings = 0;
			knownRegions = (
				en,
				Base,
			);
			mainGroup = EEBAB7C5247F4599004E58DC;
			productRefGroup = EEBAB7CF247F459A004E58DC /* Products */;
			projectDirPath = "";
			projectRoot = "";
			targets = (
				EEBAB7CD247F4599004E58DC /* HolidaysApp */,
			);
		};
/* End PBXProject section */

/* Begin PBXResourcesBuildPhase section */
		EEBAB7CC247F4599004E58DC /* Resources */ = {
			isa = PBXResourcesBuildPhase;
			buildActionMask = 2147483647;
			files = (
				EEBAB7DE247F45AE004E58DC /* LaunchScreen.storyboard in Resources */,
				EEBAB7DB247F45AE004E58DC /* Assets.xcassets in Resources */,
				EEBAB7D9247F459A004E58DC /* Main.storyboard in Resources */,
			);
			runOnlyForDeploymentPostprocessing = 0;
		};
/* End PBXResourcesBuildPhase section */

/* Begin PBXSourcesBuildPhase section */
		EEBAB7CA247F4599004E58DC /* Sources */ = {
			isa = PBXSourcesBuildPhase;
			buildActionMask = 2147483647;
			files = (
				EEBAB7D6247F459A004E58DC /* ViewController.swift in Sources */,
				EEBAB7E8247F517F004E58DC /* HolidayRequest.swift in Sources */,
				EEBAB7D2247F459A004E58DC /* AppDelegate.swift in Sources */,
				EEBAB7E6247F4FC8004E58DC /* Holidays.swift in Sources */,
				EEBAB7D4247F459A004E58DC /* SceneDelegate.swift in Sources */,
				EEE810FC24982C4C004B2431 /* Constants.swift in Sources */,
			);
			runOnlyForDeploymentPostprocessing = 0;
		};
/* End PBXSourcesBuildPhase section */

/* Begin PBXVariantGroup section */
		EEBAB7D7247F459A004E58DC /* Main.storyboard */ = {
			isa = PBXVariantGroup;
			children = (
				EEBAB7D8247F459A004E58DC /* Base */,
			);
			name = Main.storyboard;
			sourceTree = "<group>";
		};
		EEBAB7DC247F45AE004E58DC /* LaunchScreen.storyboard */ = {
			isa = PBXVariantGroup;
			children = (
				EEBAB7DD247F45AE004E58DC /* Base */,
			);
			name = LaunchScreen.storyboard;
			sourceTree = "<group>";
		};
/* End PBXVariantGroup section */

/* Begin XCBuildConfiguration section */
		EEBAB7E0247F45AE004E58DC /* Debug */ = {
			isa = XCBuildConfiguration;
			buildSettings = {
				ALWAYS_SEARCH_USER_PATHS = NO;
				CLANG_ANALYZER_NONNULL = YES;
				CLANG_ANALYZER_NUMBER_OBJECT_CONVERSION = YES_AGGRESSIVE;
				CLANG_CXX_LANGUAGE_STANDARD = "gnu++14";
				CLANG_CXX_LIBRARY = "libc++";
				CLANG_ENABLE_MODULES = YES;
				CLANG_ENABLE_OBJC_ARC = YES;
				CLANG_ENABLE_OBJC_WEAK = YES;
				CLANG_WARN_BLOCK_CAPTURE_AUTORELEASING = YES;
				CLANG_WARN_BOOL_CONVERSION = YES;
				CLANG_WARN_COMMA = YES;
				CLANG_WARN_CONSTANT_CONVERSION = YES;
				CLANG_WARN_DEPRECATED_OBJC_IMPLEMENTATIONS = YES;
				CLANG_WARN_DIRECT_OBJC_ISA_USAGE = YES_ERROR;
				CLANG_WARN_DOCUMENTATION_COMMENTS = YES;
				CLANG_WARN_EMPTY_BODY = YES;
				CLANG_WARN_ENUM_CONVERSION = YES;
				CLANG_WARN_INFINITE_RECURSION = YES;
				CLANG_WARN_INT_CONVERSION = YES;
				CLANG_WARN_NON_LITERAL_NULL_CONVERSION = YES;
				CLANG_WARN_OBJC_IMPLICIT_RETAIN_SELF = YES;
				CLANG_WARN_OBJC_LITERAL_CONVERSION = YES;
				CLANG_WARN_OBJC_ROOT_CLASS = YES_ERROR;
				CLANG_WARN_RANGE_LOOP_ANALYSIS = YES;
				CLANG_WARN_STRICT_PROTOTYPES = YES;
				CLANG_WARN_SUSPICIOUS_MOVE = YES;
				CLANG_WARN_UNGUARDED_AVAILABILITY = YES_AGGRESSIVE;
				CLANG_WARN_UNREACHABLE_CODE = YES;
				CLANG_WARN__DUPLICATE_METHOD_MATCH = YES;
				COPY_PHASE_STRIP = NO;
				DEBUG_INFORMATION_FORMAT = dwarf;
				ENABLE_STRICT_OBJC_MSGSEND = YES;
				ENABLE_TESTABILITY = YES;
				GCC_C_LANGUAGE_STANDARD = gnu11;
				GCC_DYNAMIC_NO_PIC = NO;
				GCC_NO_COMMON_BLOCKS = YES;
				GCC_OPTIMIZATION_LEVEL = 0;
				GCC_PREPROCESSOR_DEFINITIONS = (
					"DEBUG=1",
					"$(inherited)",
				);
				GCC_WARN_64_TO_32_BIT_CONVERSION = YES;
				GCC_WARN_ABOUT_RETURN_TYPE = YES_ERROR;
				GCC_WARN_UNDECLARED_SELECTOR = YES;
				GCC_WARN_UNINITIALIZED_AUTOS = YES_AGGRESSIVE;
				GCC_WARN_UNUSED_FUNCTION = YES;
				GCC_WARN_UNUSED_VARIABLE = YES;
				IPHONEOS_DEPLOYMENT_TARGET = 13.4;
				MTL_ENABLE_DEBUG_INFO = INCLUDE_SOURCE;
				MTL_FAST_MATH = YES;
				ONLY_ACTIVE_ARCH = YES;
				SDKROOT = iphoneos;
				SWIFT_ACTIVE_COMPILATION_CONDITIONS = DEBUG;
				SWIFT_OPTIMIZATION_LEVEL = "-Onone";
			};
			name = Debug;
		};
		EEBAB7E1247F45AE004E58DC /* Release */ = {
			isa = XCBuildConfiguration;
			buildSettings = {
				ALWAYS_SEARCH_USER_PATHS = NO;
				CLANG_ANALYZER_NONNULL = YES;
				CLANG_ANALYZER_NUMBER_OBJECT_CONVERSION = YES_AGGRESSIVE;
				CLANG_CXX_LANGUAGE_STANDARD = "gnu++14";
				CLANG_CXX_LIBRARY = "libc++";
				CLANG_ENABLE_MODULES = YES;
				CLANG_ENABLE_OBJC_ARC = YES;
				CLANG_ENABLE_OBJC_WEAK = YES;
				CLANG_WARN_BLOCK_CAPTURE_AUTORELEASING = YES;
				CLANG_WARN_BOOL_CONVERSION = YES;
				CLANG_WARN_COMMA = YES;
				CLANG_WARN_CONSTANT_CONVERSION = YES;
				CLANG_WARN_DEPRECATED_OBJC_IMPLEMENTATIONS = YES;
				CLANG_WARN_DIRECT_OBJC_ISA_USAGE = YES_ERROR;
				CLANG_WARN_DOCUMENTATION_COMMENTS = YES;
				CLANG_WARN_EMPTY_BODY = YES;
				CLANG_WARN_ENUM_CONVERSION = YES;
				CLANG_WARN_INFINITE_RECURSION = YES;
				CLANG_WARN_INT_CONVERSION = YES;
				CLANG_WARN_NON_LITERAL_NULL_CONVERSION = YES;
				CLANG_WARN_OBJC_IMPLICIT_RETAIN_SELF = YES;
				CLANG_WARN_OBJC_LITERAL_CONVERSION = YES;
				CLANG_WARN_OBJC_ROOT_CLASS = YES_ERROR;
				CLANG_WARN_RANGE_LOOP_ANALYSIS = YES;
				CLANG_WARN_STRICT_PROTOTYPES = YES;
				CLANG_WARN_SUSPICIOUS_MOVE = YES;
				CLANG_WARN_UNGUARDED_AVAILABILITY = YES_AGGRESSIVE;
				CLANG_WARN_UNREACHABLE_CODE = YES;
				CLANG_WARN__DUPLICATE_METHOD_MATCH = YES;
				COPY_PHASE_STRIP = NO;
				DEBUG_INFORMATION_FORMAT = "dwarf-with-dsym";
				ENABLE_NS_ASSERTIONS = NO;
				ENABLE_STRICT_OBJC_MSGSEND = YES;
				GCC_C_LANGUAGE_STANDARD = gnu11;
				GCC_NO_COMMON_BLOCKS = YES;
				GCC_WARN_64_TO_32_BIT_CONVERSION = YES;
				GCC_WARN_ABOUT_RETURN_TYPE = YES_ERROR;
				GCC_WARN_UNDECLARED_SELECTOR = YES;
				GCC_WARN_UNINITIALIZED_AUTOS = YES_AGGRESSIVE;
				GCC_WARN_UNUSED_FUNCTION = YES;
				GCC_WARN_UNUSED_VARIABLE = YES;
				IPHONEOS_DEPLOYMENT_TARGET = 13.4;
				MTL_ENABLE_DEBUG_INFO = NO;
				MTL_FAST_MATH = YES;
				SDKROOT = iphoneos;
				SWIFT_COMPILATION_MODE = wholemodule;
				SWIFT_OPTIMIZATION_LEVEL = "-O";
				VALIDATE_PRODUCT = YES;
			};
			name = Release;
		};
		EEBAB7E3247F45AE004E58DC /* Debug */ = {
			isa = XCBuildConfiguration;
			buildSettings = {
				ASSETCATALOG_COMPILER_APPICON_NAME = AppIcon;
				CODE_SIGN_STYLE = Automatic;
				DEVELOPMENT_TEAM = K26F4ND6Z9;
				INFOPLIST_FILE = HolidaysApp/Info.plist;
				LD_RUNPATH_SEARCH_PATHS = (
					"$(inherited)",
					"@executable_path/Frameworks",
				);
				PRODUCT_BUNDLE_IDENTIFIER = com.saranya.HolidaysApp;
				PRODUCT_NAME = "$(TARGET_NAME)";
				SWIFT_VERSION = 5.0;
				TARGETED_DEVICE_FAMILY = "1,2";
			};
			name = Debug;
		};
		EEBAB7E4247F45AE004E58DC /* Release */ = {
			isa = XCBuildConfiguration;
			buildSettings = {
				ASSETCATALOG_COMPILER_APPICON_NAME = AppIcon;
				CODE_SIGN_STYLE = Automatic;
				DEVELOPMENT_TEAM = K26F4ND6Z9;
				INFOPLIST_FILE = HolidaysApp/Info.plist;
				LD_RUNPATH_SEARCH_PATHS = (
					"$(inherited)",
					"@executable_path/Frameworks",
				);
				PRODUCT_BUNDLE_IDENTIFIER = com.saranya.HolidaysApp;
				PRODUCT_NAME = "$(TARGET_NAME)";
				SWIFT_VERSION = 5.0;
				TARGETED_DEVICE_FAMILY = "1,2";
			};
			name = Release;
		};
/* End XCBuildConfiguration section */

/* Begin XCConfigurationList section */
		EEBAB7C9247F4599004E58DC /* Build configuration list for PBXProject "HolidaysApp" */ = {
			isa = XCConfigurationList;
			buildConfigurations = (
				EEBAB7E0247F45AE004E58DC /* Debug */,
				EEBAB7E1247F45AE004E58DC /* Release */,
			);
			defaultConfigurationIsVisible = 0;
			defaultConfigurationName = Release;
		};
		EEBAB7E2247F45AE004E58DC /* Build configuration list for PBXNativeTarget "HolidaysApp" */ = {
			isa = XCConfigurationList;
			buildConfigurations = (
				EEBAB7E3247F45AE004E58DC /* Debug */,
				EEBAB7E4247F45AE004E58DC /* Release */,
			);
			defaultConfigurationIsVisible = 0;
			defaultConfigurationName = Release;
		};
/* End XCConfigurationList section */
	};
	rootObject = EEBAB7C6247F4599004E58DC /* Project object */;
}
